
Microsoft Visual Studio Solution File, Format Version 12.00
# Visual Studio 2013
VisualStudioVersion = 12.0.21005.1
MinimumVisualStudioVersion = 10.0.40219.1
Project("{FAE04EC0-301F-11D3-BF4B-00C04F79EFBC}") = "deliverynote2xml", "deliverynote2xml.csproj", "{3391200F-C75C-4868-8707-D0750DF0945C}"
EndProject
Project("{54435603-DBB4-11D2-8724-00A0C9A8B90C}") = "DeliveryNote2XML Setup", "..\..\deliverynote2xmlinstaller\DeliveryNote2XML Setup\DeliveryNote2XML Setup.vdproj", "{67AAB4FA-A845-4A54-BF14-88333D8040DE}"
EndProject
Global
	GlobalSection(SolutionConfigurationPlatforms) = preSolution
		Debug|Any CPU = Debug|Any CPU
		Release|Any CPU = Release|Any CPU
	EndGlobalSection
	GlobalSection(ProjectConfigurationPlatforms) = postSolution
		{3391200F-C75C-4868-8707-D0750DF0945C}.Debug|Any CPU.ActiveCfg = Debug|Any CPU
		{3391200F-C75C-4868-8707-D0750DF0945C}.Debug|Any CPU.Build.0 = Debug|Any CPU
		{3391200F-C75C-4868-8707-D0750DF0945C}.Release|Any CPU.ActiveCfg = Release|Any CPU
		{3391200F-C75C-4868-8707-D0750DF0945C}.Release|Any CPU.Build.0 = Release|Any CPU
		{67AAB4FA-A845-4A54-BF14-88333D8040DE}.Debug|Any CPU.ActiveCfg = Debug
		{67AAB4FA-A845-4A54-BF14-88333D8040DE}.Release|Any CPU.ActiveCfg = Release
	EndGlobalSection
	GlobalSection(SolutionProperties) = preSolution
		HideSolutionNode = FALSE
	EndGlobalSection
EndGlobal
